{
  "name": "oreum-international-site",
  "version": "1.0.0",
  "lockfileVersion": 3,
  "requires": true,
  "packages": {
    "": {
      "name": "oreum-international-site",
      "version": "1.0.0",
      "dependencies": {
        "nodemailer": "^7.0.6"
      },
      "engines": {
        "node": ">=20"
      }
    },
    "node_modules/nodemailer": {
      "version": "7.0.6",
      "resolved": "https://registry.npmjs.org/nodemailer/-/nodemailer-7.0.6.tgz",
      "engines": {
        "node": ">=6.0.0"
      }
    }
  }
}
